
Microsoft Visual Studio Solution File, Format Version 12.00
# Visual Studio Version 17
VisualStudioVersion = 17.5.33414.496
MinimumVisualStudioVersion = 10.0.40219.1
Project("{2150E333-8FDC-42A3-9474-1A3956D46DE8}") = "src", "src", "{612077D8-7E95-41DC-B73A-9B236D2A7B46}"
EndProject
Project("{2150E333-8FDC-42A3-9474-1A3956D46DE8}") = "Api", "Api", "{89152BCF-BCDC-4442-A38C-05CDFF79FE8C}"
EndProject
Project("{2150E333-8FDC-42A3-9474-1A3956D46DE8}") = "Clients", "Clients", "{07E08433-C723-4A65-919A-40270F389D77}"
EndProject
Project("{2150E333-8FDC-42A3-9474-1A3956D46DE8}") = "Common", "Common", "{EE74097F-00D1-4A51-A5DB-686B69500465}"
EndProject
Project("{9A19103F-16F7-4668-BE54-9A1E7A4F7556}") = "BlogSite.API", "src\Api\BlogSite.API\BlogSite.API.csproj", "{1C4EEE37-6DF3-4893-9D71-1FFFFE282E5F}"
EndProject
Project("{9A19103F-16F7-4668-BE54-9A1E7A4F7556}") = "BlogSite.Core", "src\Api\BlogSite.Core\BlogSite.Core.csproj", "{84263E33-16BD-4EC4-BFC7-8DD7C1D44C39}"
EndProject
Project("{9A19103F-16F7-4668-BE54-9A1E7A4F7556}") = "BlogSite.Repository", "src\Api\BlogSite.Repository\BlogSite.Repository.csproj", "{7BB0099F-B8B0-40A9-979A-4E51E7EA9F64}"
EndProject
Project("{9A19103F-16F7-4668-BE54-9A1E7A4F7556}") = "BlogSite.Service", "src\Api\BlogSite.Service\BlogSite.Service.csproj", "{2A71DA21-3BE4-4740-A0C0-8AF4C97FFBC7}"
EndProject
Project("{9A19103F-16F7-4668-BE54-9A1E7A4F7556}") = "BlogSite.Web", "src\Clients\BlogSite.Web\BlogSite.Web.csproj", "{AC4FCE28-0B0E-4065-AAD9-E0C7387D9D54}"
EndProject
Project("{9A19103F-16F7-4668-BE54-9A1E7A4F7556}") = "BlogSite.Common", "src\Common\BlogSite.Common\BlogSite.Common.csproj", "{B92CC800-0B49-4EA4-B4F8-8B6CA8954555}"
EndProject
Global
	GlobalSection(SolutionConfigurationPlatforms) = preSolution
		Debug|Any CPU = Debug|Any CPU
		Release|Any CPU = Release|Any CPU
	EndGlobalSection
	GlobalSection(ProjectConfigurationPlatforms) = postSolution
		{1C4EEE37-6DF3-4893-9D71-1FFFFE282E5F}.Debug|Any CPU.ActiveCfg = Debug|Any CPU
		{1C4EEE37-6DF3-4893-9D71-1FFFFE282E5F}.Debug|Any CPU.Build.0 = Debug|Any CPU
		{1C4EEE37-6DF3-4893-9D71-1FFFFE282E5F}.Release|Any CPU.ActiveCfg = Release|Any CPU
		{1C4EEE37-6DF3-4893-9D71-1FFFFE282E5F}.Release|Any CPU.Build.0 = Release|Any CPU
		{84263E33-16BD-4EC4-BFC7-8DD7C1D44C39}.Debug|Any CPU.ActiveCfg = Debug|Any CPU
		{84263E33-16BD-4EC4-BFC7-8DD7C1D44C39}.Debug|Any CPU.Build.0 = Debug|Any CPU
		{84263E33-16BD-4EC4-BFC7-8DD7C1D44C39}.Release|Any CPU.ActiveCfg = Release|Any CPU
		{84263E33-16BD-4EC4-BFC7-8DD7C1D44C39}.Release|Any CPU.Build.0 = Release|Any CPU
		{7BB0099F-B8B0-40A9-979A-4E51E7EA9F64}.Debug|Any CPU.ActiveCfg = Debug|Any CPU
		{7BB0099F-B8B0-40A9-979A-4E51E7EA9F64}.Debug|Any CPU.Build.0 = Debug|Any CPU
		{7BB0099F-B8B0-40A9-979A-4E51E7EA9F64}.Release|Any CPU.ActiveCfg = Release|Any CPU
		{7BB0099F-B8B0-40A9-979A-4E51E7EA9F64}.Release|Any CPU.Build.0 = Release|Any CPU
		{2A71DA21-3BE4-4740-A0C0-8AF4C97FFBC7}.Debug|Any CPU.ActiveCfg = Debug|Any CPU
		{2A71DA21-3BE4-4740-A0C0-8AF4C97FFBC7}.Debug|Any CPU.Build.0 = Debug|Any CPU
		{2A71DA21-3BE4-4740-A0C0-8AF4C97FFBC7}.Release|Any CPU.ActiveCfg = Release|Any CPU
		{2A71DA21-3BE4-4740-A0C0-8AF4C97FFBC7}.Release|Any CPU.Build.0 = Release|Any CPU
		{AC4FCE28-0B0E-4065-AAD9-E0C7387D9D54}.Debug|Any CPU.ActiveCfg = Debug|Any CPU
		{AC4FCE28-0B0E-4065-AAD9-E0C7387D9D54}.Debug|Any CPU.Build.0 = Debug|Any CPU
		{AC4FCE28-0B0E-4065-AAD9-E0C7387D9D54}.Release|Any CPU.ActiveCfg = Release|Any CPU
		{AC4FCE28-0B0E-4065-AAD9-E0C7387D9D54}.Release|Any CPU.Build.0 = Release|Any CPU
		{B92CC800-0B49-4EA4-B4F8-8B6CA8954555}.Debug|Any CPU.ActiveCfg = Debug|Any CPU
		{B92CC800-0B49-4EA4-B4F8-8B6CA8954555}.Debug|Any CPU.Build.0 = Debug|Any CPU
		{B92CC800-0B49-4EA4-B4F8-8B6CA8954555}.Release|Any CPU.ActiveCfg = Release|Any CPU
		{B92CC800-0B49-4EA4-B4F8-8B6CA8954555}.Release|Any CPU.Build.0 = Release|Any CPU
	EndGlobalSection
	GlobalSection(SolutionProperties) = preSolution
		HideSolutionNode = FALSE
	EndGlobalSection
	GlobalSection(NestedProjects) = preSolution
		{89152BCF-BCDC-4442-A38C-05CDFF79FE8C} = {612077D8-7E95-41DC-B73A-9B236D2A7B46}
		{07E08433-C723-4A65-919A-40270F389D77} = {612077D8-7E95-41DC-B73A-9B236D2A7B46}
		{EE74097F-00D1-4A51-A5DB-686B69500465} = {612077D8-7E95-41DC-B73A-9B236D2A7B46}
		{1C4EEE37-6DF3-4893-9D71-1FFFFE282E5F} = {89152BCF-BCDC-4442-A38C-05CDFF79FE8C}
		{84263E33-16BD-4EC4-BFC7-8DD7C1D44C39} = {89152BCF-BCDC-4442-A38C-05CDFF79FE8C}
		{7BB0099F-B8B0-40A9-979A-4E51E7EA9F64} = {89152BCF-BCDC-4442-A38C-05CDFF79FE8C}
		{2A71DA21-3BE4-4740-A0C0-8AF4C97FFBC7} = {89152BCF-BCDC-4442-A38C-05CDFF79FE8C}
		{AC4FCE28-0B0E-4065-AAD9-E0C7387D9D54} = {07E08433-C723-4A65-919A-40270F389D77}
		{B92CC800-0B49-4EA4-B4F8-8B6CA8954555} = {EE74097F-00D1-4A51-A5DB-686B69500465}
	EndGlobalSection
	GlobalSection(ExtensibilityGlobals) = postSolution
		SolutionGuid = {5E03C292-F845-4C79-91E6-27CAAB0079B0}
	EndGlobalSection
EndGlobal
